{
  "nodes": {
    "flake-utils": {
      "locked": {
        "lastModified": 1649676176,
        "narHash": "sha256-OWKJratjt2RW151VUlJPRALb7OU2S5s+f0vLj4o1bHM=",
        "owner": "numtide",
        "repo": "flake-utils",
        "rev": "a4b154ebbdc88c8498a5c7b01589addc9e9cb678",
        "type": "github"
      },
      "original": {
        "owner": "numtide",
        "repo": "flake-utils",
        "type": "github"
      }
    },
    "flake-utils_2": {
      "locked": {
        "lastModified": 1649676176,
        "narHash": "sha256-OWKJratjt2RW151VUlJPRALb7OU2S5s+f0vLj4o1bHM=",
        "owner": "numtide",
        "repo": "flake-utils",
        "rev": "a4b154ebbdc88c8498a5c7b01589addc9e9cb678",
        "type": "github"
      },
      "original": {
        "owner": "numtide",
        "repo": "flake-utils",
        "type": "github"
      }
    },
    "flake-utils_3": {
      "locked": {
        "lastModified": 1637014545,
        "narHash": "sha256-26IZAc5yzlD9FlDT54io1oqG/bBoyka+FJk5guaX4x4=",
        "owner": "numtide",
        "repo": "flake-utils",
        "rev": "bba5dcc8e0b20ab664967ad83d24d64cb64ec4f4",
        "type": "github"
      },
      "original": {
        "owner": "numtide",
        "repo": "flake-utils",
        "type": "github"
      }
    },
    "mozillapkgs": {
      "flake": false,
      "locked": {
        "lastModified": 1650459918,
        "narHash": "sha256-sroCK+QJTmoXtcRkwZyKOP9iAYOPID2Bwdxn4GkG16w=",
        "owner": "mozilla",
        "repo": "nixpkgs-mozilla",
        "rev": "e1f7540fc0a8b989fb8cf701dc4fd7fc76bcf168",
        "type": "github"
      },
      "original": {
        "owner": "mozilla",
        "repo": "nixpkgs-mozilla",
        "type": "github"
      }
    },
    "naersk": {
      "inputs": {
        "nixpkgs": "nixpkgs"
      },
      "locked": {
        "lastModified": 1650265945,
        "narHash": "sha256-SO8+1db4jTOjnwP++29vVgImLIfETSXyoz0FuLkiikE=",
        "owner": "nmattia",
        "repo": "naersk",
        "rev": "e8f9f8d037774becd82fce2781e1abdb7836d7df",
        "type": "github"
      },
      "original": {
        "owner": "nmattia",
        "repo": "naersk",
        "type": "github"
      }
    },
    "nixpkgs": {
      "locked": {
        "narHash": "sha256-1dVfhWpFPpBcaDKVoEvsiqBeozjGZLNfNY/u4jipbS4=",
        "path": "/nix/store/0r9lh4xpdlv800xmkw33nj8fjc2gdmr7-source",
        "type": "path"
      },
      "original": {
        "id": "nixpkgs",
        "type": "indirect"
      }
    },
    "nixpkgs_2": {
      "locked": {
        "narHash": "sha256-1dVfhWpFPpBcaDKVoEvsiqBeozjGZLNfNY/u4jipbS4=",
        "path": "/nix/store/0r9lh4xpdlv800xmkw33nj8fjc2gdmr7-source",
        "type": "path"
      },
      "original": {
        "id": "nixpkgs",
        "type": "indirect"
      }
    },
    "nixpkgs_3": {
      "locked": {
        "narHash": "sha256-1dVfhWpFPpBcaDKVoEvsiqBeozjGZLNfNY/u4jipbS4=",
        "path": "/nix/store/0r9lh4xpdlv800xmkw33nj8fjc2gdmr7-source",
        "type": "path"
      },
      "original": {
        "id": "nixpkgs",
        "type": "indirect"
      }
    },
    "nixpkgs_4": {
      "locked": {
        "lastModified": 1637453606,
        "narHash": "sha256-Gy6cwUswft9xqsjWxFYEnx/63/qzaFUwatcbV5GF/GQ=",
        "owner": "NixOS",
        "repo": "nixpkgs",
        "rev": "8afc4e543663ca0a6a4f496262cd05233737e732",
        "type": "github"
      },
      "original": {
        "owner": "NixOS",
        "ref": "nixpkgs-unstable",
        "repo": "nixpkgs",
        "type": "github"
      }
    },
    "root": {
      "inputs": {
        "flake-utils": "flake-utils",
        "naersk": "naersk",
        "nixpkgs": "nixpkgs_2",
        "rust-analyzer": "rust-analyzer",
        "rust-overlay": "rust-overlay"
      }
    },
    "rust-analyzer": {
      "inputs": {
        "flake-utils": "flake-utils_2",
        "mozillapkgs": "mozillapkgs",
        "naersk": [
          "naersk"
        ],
        "nixpkgs": "nixpkgs_3",
        "rust-analyzer-src": "rust-analyzer-src"
      },
      "locked": {
        "lastModified": 1651556898,
        "narHash": "sha256-I9x1idAiQ4jkS8JU0h41dIRcy99aqFx9ch80a73BJZw=",
        "owner": "grenewode",
        "repo": "rust-analyzer-flake",
        "rev": "f79a954ed51d2ee664ab6b46250a8eba72b88619",
        "type": "github"
      },
      "original": {
        "owner": "grenewode",
        "repo": "rust-analyzer-flake",
        "type": "github"
      }
    },
    "rust-analyzer-src": {
      "flake": false,
      "locked": {
        "lastModified": 1651480948,
        "narHash": "sha256-5kAbd/tTc9vkr27ar44hnpXdS0vQg0OLJUMlp0FBjqA=",
        "owner": "rust-lang",
        "repo": "rust-analyzer",
        "rev": "5dce1ff0212e467271c9e895478670c74d847ee9",
        "type": "github"
      },
      "original": {
        "owner": "rust-lang",
        "ref": "2022-05-02",
        "repo": "rust-analyzer",
        "type": "github"
      }
    },
    "rust-overlay": {
      "inputs": {
        "flake-utils": "flake-utils_3",
        "nixpkgs": "nixpkgs_4"
      },
      "locked": {
        "lastModified": 1651632340,
        "narHash": "sha256-Kq1yghXZxJ12Sw1nbzoO2Ag8/AxqbbD84wiz8go159o=",
        "owner": "oxalica",
        "repo": "rust-overlay",
        "rev": "88991ffbd57e10b474ea768ec0b54c4f379c566c",
        "type": "github"
      },
      "original": {
        "owner": "oxalica",
        "repo": "rust-overlay",
        "type": "github"
      }
    }
  },
  "root": "root",
  "version": 7
}
